
Microsoft Visual Studio Solution File, Format Version 12.00
# Visual Studio Version 17
VisualStudioVersion = 17.14.36401.2
MinimumVisualStudioVersion = 10.0.40219.1
Project("{FAE04EC0-301F-11D3-BF4B-00C04F79EFBC}") = "PatientDmeNeedsUtility", "PatientDmeNeedsUtility\PatientDmeNeedsUtility.csproj", "{9F0F6376-C60E-4B09-A063-CC35255AD536}"
EndProject
Project("{2150E333-8FDC-42A3-9474-1A3956D46DE8}") = "Resources", "Resources", "{02EA681E-C7D8-13C7-8484-4AC65E1B71E8}"
	ProjectSection(SolutionItems) = preProject
		Resources\expected_output1.json = Resources\expected_output1.json
		Resources\expected_output2.json = Resources\expected_output2.json
		Resources\physician_note1.txt = Resources\physician_note1.txt
		Resources\physician_note2.txt = Resources\physician_note2.txt
	EndProjectSection
EndProject
Project("{FAE04EC0-301F-11D3-BF4B-00C04F79EFBC}") = "PatientDmeNeedsUtility.Tests", "PatientDmeNeedsUtility.Tests\PatientDmeNeedsUtility.Tests.csproj", "{47786A88-17FD-427C-AD43-CAC5CED1FB1D}"
EndProject
Global
	GlobalSection(SolutionConfigurationPlatforms) = preSolution
		Debug|Any CPU = Debug|Any CPU
		Release|Any CPU = Release|Any CPU
	EndGlobalSection
	GlobalSection(ProjectConfigurationPlatforms) = postSolution
		{9F0F6376-C60E-4B09-A063-CC35255AD536}.Debug|Any CPU.ActiveCfg = Debug|Any CPU
		{9F0F6376-C60E-4B09-A063-CC35255AD536}.Debug|Any CPU.Build.0 = Debug|Any CPU
		{9F0F6376-C60E-4B09-A063-CC35255AD536}.Release|Any CPU.ActiveCfg = Release|Any CPU
		{9F0F6376-C60E-4B09-A063-CC35255AD536}.Release|Any CPU.Build.0 = Release|Any CPU
		{47786A88-17FD-427C-AD43-CAC5CED1FB1D}.Debug|Any CPU.ActiveCfg = Debug|Any CPU
		{47786A88-17FD-427C-AD43-CAC5CED1FB1D}.Debug|Any CPU.Build.0 = Debug|Any CPU
		{47786A88-17FD-427C-AD43-CAC5CED1FB1D}.Release|Any CPU.ActiveCfg = Release|Any CPU
		{47786A88-17FD-427C-AD43-CAC5CED1FB1D}.Release|Any CPU.Build.0 = Release|Any CPU
	EndGlobalSection
	GlobalSection(SolutionProperties) = preSolution
		HideSolutionNode = FALSE
	EndGlobalSection
	GlobalSection(ExtensibilityGlobals) = postSolution
		SolutionGuid = {BD920904-40F4-4D02-BE28-5AEBC920D4B3}
	EndGlobalSection
EndGlobal
